Microsoft Visual Studio Solution File, Format Version 12.00
# Visual Studio Version 17
VisualStudioVersion = 17.5.2.0
MinimumVisualStudioVersion = 10.0.40219.1
Project("{FAE04EC0-301F-11D3-BF4B-00C04F79EFBC}") = "backend-calc-prob-app", "backend-calc-prob-app\backend-calc-prob-app.csproj", "{7C200CDF-3615-1D95-BC8C-60A7CA1A04AD}"
EndProject
Global
	GlobalSection(SolutionConfigurationPlatforms) = preSolution
		Debug|Any CPU = Debug|Any CPU
		Release|Any CPU = Release|Any CPU
	EndGlobalSection
	GlobalSection(ProjectConfigurationPlatforms) = postSolution
		{7C200CDF-3615-1D95-BC8C-60A7CA1A04AD}.Debug|Any CPU.ActiveCfg = Debug|Any CPU
		{7C200CDF-3615-1D95-BC8C-60A7CA1A04AD}.Debug|Any CPU.Build.0 = Debug|Any CPU
		{7C200CDF-3615-1D95-BC8C-60A7CA1A04AD}.Release|Any CPU.ActiveCfg = Release|Any CPU
		{7C200CDF-3615-1D95-BC8C-60A7CA1A04AD}.Release|Any CPU.Build.0 = Release|Any CPU
	EndGlobalSection
	GlobalSection(SolutionProperties) = preSolution
		HideSolutionNode = FALSE
	EndGlobalSection
	GlobalSection(ExtensibilityGlobals) = postSolution
		SolutionGuid = {2DF42264-18DE-4BBA-9ED8-57055732D53D}
	EndGlobalSection
EndGlobal
